
Microsoft Visual Studio Solution File, Format Version 12.00
# Visual Studio Version 16
VisualStudioVersion = 16.0.30114.105
MinimumVisualStudioVersion = 10.0.40219.1
Project("{FAE04EC0-301F-11D3-BF4B-00C04F79EFBC}") = "Resgen.cli", "Resgen.cli\Resgen.cli.csproj", "{9937669A-2B1E-4AD9-8E45-C5574BBDFD54}"
EndProject
Project("{FAE04EC0-301F-11D3-BF4B-00C04F79EFBC}") = "Resgen.test", "Resgen.test\Resgen.test.csproj", "{78A17C90-CF6A-40AD-80A2-683D8389A0E9}"
EndProject
Project("{FAE04EC0-301F-11D3-BF4B-00C04F79EFBC}") = "Resgen.lib", "Resgen.lib\Resgen.lib.csproj", "{F819CB85-ED62-4BF7-9A67-1A90244B7F75}"
EndProject
Global
	GlobalSection(SolutionConfigurationPlatforms) = preSolution
		Debug|Any CPU = Debug|Any CPU
		Release|Any CPU = Release|Any CPU
	EndGlobalSection
	GlobalSection(SolutionProperties) = preSolution
		HideSolutionNode = FALSE
	EndGlobalSection
	GlobalSection(ProjectConfigurationPlatforms) = postSolution
		{9937669A-2B1E-4AD9-8E45-C5574BBDFD54}.Debug|Any CPU.ActiveCfg = Debug|Any CPU
		{9937669A-2B1E-4AD9-8E45-C5574BBDFD54}.Debug|Any CPU.Build.0 = Debug|Any CPU
		{9937669A-2B1E-4AD9-8E45-C5574BBDFD54}.Release|Any CPU.ActiveCfg = Release|Any CPU
		{9937669A-2B1E-4AD9-8E45-C5574BBDFD54}.Release|Any CPU.Build.0 = Release|Any CPU
		{78A17C90-CF6A-40AD-80A2-683D8389A0E9}.Debug|Any CPU.ActiveCfg = Debug|Any CPU
		{78A17C90-CF6A-40AD-80A2-683D8389A0E9}.Debug|Any CPU.Build.0 = Debug|Any CPU
		{78A17C90-CF6A-40AD-80A2-683D8389A0E9}.Release|Any CPU.ActiveCfg = Release|Any CPU
		{78A17C90-CF6A-40AD-80A2-683D8389A0E9}.Release|Any CPU.Build.0 = Release|Any CPU
		{F819CB85-ED62-4BF7-9A67-1A90244B7F75}.Debug|Any CPU.ActiveCfg = Debug|Any CPU
		{F819CB85-ED62-4BF7-9A67-1A90244B7F75}.Debug|Any CPU.Build.0 = Debug|Any CPU
		{F819CB85-ED62-4BF7-9A67-1A90244B7F75}.Release|Any CPU.ActiveCfg = Release|Any CPU
		{F819CB85-ED62-4BF7-9A67-1A90244B7F75}.Release|Any CPU.Build.0 = Release|Any CPU
	EndGlobalSection
EndGlobal
